
Microsoft Visual Studio Solution File, Format Version 12.00
# Visual Studio 15
VisualStudioVersion = 15.0.26730.12
MinimumVisualStudioVersion = 10.0.40219.1
Project("{FAE04EC0-301F-11D3-BF4B-00C04F79EFBC}") = "14", "14\14.csproj", "{674C84FB-D7DC-4BAE-9066-9D3EBA576414}"
EndProject
Global
	GlobalSection(SolutionConfigurationPlatforms) = preSolution
		Debug|Any CPU = Debug|Any CPU
		Release|Any CPU = Release|Any CPU
	EndGlobalSection
	GlobalSection(ProjectConfigurationPlatforms) = postSolution
		{674C84FB-D7DC-4BAE-9066-9D3EBA576414}.Debug|Any CPU.ActiveCfg = Debug|Any CPU
		{674C84FB-D7DC-4BAE-9066-9D3EBA576414}.Debug|Any CPU.Build.0 = Debug|Any CPU
		{674C84FB-D7DC-4BAE-9066-9D3EBA576414}.Release|Any CPU.ActiveCfg = Release|Any CPU
		{674C84FB-D7DC-4BAE-9066-9D3EBA576414}.Release|Any CPU.Build.0 = Release|Any CPU
	EndGlobalSection
	GlobalSection(SolutionProperties) = preSolution
		HideSolutionNode = FALSE
	EndGlobalSection
	GlobalSection(ExtensibilityGlobals) = postSolution
		SolutionGuid = {3732AFB2-18D3-4A11-9343-EE7CD46A0C77}
	EndGlobalSection
EndGlobal
